// !$*UTF8*$!
{
	archiveVersion = 1;
	classes = {
	};
	objectVersion = 56;
	objects = {

/* Begin PBXBuildFile section */
		C3B28BEF2A93BEE8001252DA /* Color+Ext.swift in Sources */ = {isa = PBXBuildFile; fileRef = C3B28BEE2A93BEE8001252DA /* Color+Ext.swift */; };
		C3B28BF22A93C1B1001252DA /* Episode.swift in Sources */ = {isa = PBXBuildFile; fileRef = C3B28BF12A93C1B1001252DA /* Episode.swift */; };
		C3B28BF42A93C1FC001252DA /* CharacterDetailsViewModel.swift in Sources */ = {isa = PBXBuildFile; fileRef = C3B28BF32A93C1FC001252DA /* CharacterDetailsViewModel.swift */; };
		C3B299AE2A9132E3001252DA /* UIView+Ext.swift in Sources */ = {isa = PBXBuildFile; fileRef = C3B299AD2A9132E3001252DA /* UIView+Ext.swift */; };
		C3B299B22A913422001252DA /* CharacterDetailsViewController.swift in Sources */ = {isa = PBXBuildFile; fileRef = C3B299B12A913422001252DA /* CharacterDetailsViewController.swift */; };
		C3B299B42A913457001252DA /* CharacterDetailsView.swift in Sources */ = {isa = PBXBuildFile; fileRef = C3B299B32A913457001252DA /* CharacterDetailsView.swift */; };
		DC1D31FF2A8E6290001E4A5C /* AppDelegate.swift in Sources */ = {isa = PBXBuildFile; fileRef = DC1D31FE2A8E6290001E4A5C /* AppDelegate.swift */; };
		DC1D32012A8E6290001E4A5C /* SceneDelegate.swift in Sources */ = {isa = PBXBuildFile; fileRef = DC1D32002A8E6290001E4A5C /* SceneDelegate.swift */; };
		DC1D32062A8E6290001E4A5C /* Main.storyboard in Resources */ = {isa = PBXBuildFile; fileRef = DC1D32042A8E6290001E4A5C /* Main.storyboard */; };
		DC1D32082A8E6291001E4A5C /* Assets.xcassets in Resources */ = {isa = PBXBuildFile; fileRef = DC1D32072A8E6291001E4A5C /* Assets.xcassets */; };
		DC1D320B2A8E6291001E4A5C /* LaunchScreen.storyboard in Resources */ = {isa = PBXBuildFile; fileRef = DC1D32092A8E6291001E4A5C /* LaunchScreen.storyboard */; };
		DC1D32152A8E6C9F001E4A5C /* CharacterCollectionViewController.swift in Sources */ = {isa = PBXBuildFile; fileRef = DC1D32142A8E6C9F001E4A5C /* CharacterCollectionViewController.swift */; };
		DC1D32172A8E7088001E4A5C /* CharacterCollectionViewCell.swift in Sources */ = {isa = PBXBuildFile; fileRef = DC1D32162A8E7088001E4A5C /* CharacterCollectionViewCell.swift */; };
		DC1D32192A8FB7A1001E4A5C /* CharacterManager.swift in Sources */ = {isa = PBXBuildFile; fileRef = DC1D32182A8FB7A1001E4A5C /* CharacterManager.swift */; };
		DC1D321D2A8FBE64001E4A5C /* CharacterResponse.swift in Sources */ = {isa = PBXBuildFile; fileRef = DC1D321C2A8FBE64001E4A5C /* CharacterResponse.swift */; };
/* End PBXBuildFile section */

/* Begin PBXFileReference section */
		C3B28BEE2A93BEE8001252DA /* Color+Ext.swift */ = {isa = PBXFileReference; lastKnownFileType = sourcecode.swift; path = "Color+Ext.swift"; sourceTree = "<group>"; };
		C3B28BF12A93C1B1001252DA /* Episode.swift */ = {isa = PBXFileReference; lastKnownFileType = sourcecode.swift; path = Episode.swift; sourceTree = "<group>"; };
		C3B28BF32A93C1FC001252DA /* CharacterDetailsViewModel.swift */ = {isa = PBXFileReference; lastKnownFileType = sourcecode.swift; path = CharacterDetailsViewModel.swift; sourceTree = "<group>"; };
		C3B299AD2A9132E3001252DA /* UIView+Ext.swift */ = {isa = PBXFileReference; lastKnownFileType = sourcecode.swift; path = "UIView+Ext.swift"; sourceTree = "<group>"; };
		C3B299B12A913422001252DA /* CharacterDetailsViewController.swift */ = {isa = PBXFileReference; lastKnownFileType = sourcecode.swift; path = CharacterDetailsViewController.swift; sourceTree = "<group>"; };
		C3B299B32A913457001252DA /* CharacterDetailsView.swift */ = {isa = PBXFileReference; lastKnownFileType = sourcecode.swift; path = CharacterDetailsView.swift; sourceTree = "<group>"; };
		DC1D31FB2A8E6290001E4A5C /* 1221Systems.app */ = {isa = PBXFileReference; explicitFileType = wrapper.application; includeInIndex = 0; path = 1221Systems.app; sourceTree = BUILT_PRODUCTS_DIR; };
		DC1D31FE2A8E6290001E4A5C /* AppDelegate.swift */ = {isa = PBXFileReference; lastKnownFileType = sourcecode.swift; path = AppDelegate.swift; sourceTree = "<group>"; };
		DC1D32002A8E6290001E4A5C /* SceneDelegate.swift */ = {isa = PBXFileReference; lastKnownFileType = sourcecode.swift; path = SceneDelegate.swift; sourceTree = "<group>"; };
		DC1D32052A8E6290001E4A5C /* Base */ = {isa = PBXFileReference; lastKnownFileType = file.storyboard; name = Base; path = Base.lproj/Main.storyboard; sourceTree = "<group>"; };
		DC1D32072A8E6291001E4A5C /* Assets.xcassets */ = {isa = PBXFileReference; lastKnownFileType = folder.assetcatalog; path = Assets.xcassets; sourceTree = "<group>"; };
		DC1D320A2A8E6291001E4A5C /* Base */ = {isa = PBXFileReference; lastKnownFileType = file.storyboard; name = Base; path = Base.lproj/LaunchScreen.storyboard; sourceTree = "<group>"; };
		DC1D320C2A8E6291001E4A5C /* Info.plist */ = {isa = PBXFileReference; lastKnownFileType = text.plist.xml; path = Info.plist; sourceTree = "<group>"; };
		DC1D32142A8E6C9F001E4A5C /* CharacterCollectionViewController.swift */ = {isa = PBXFileReference; lastKnownFileType = sourcecode.swift; path = CharacterCollectionViewController.swift; sourceTree = "<group>"; };
		DC1D32162A8E7088001E4A5C /* CharacterCollectionViewCell.swift */ = {isa = PBXFileReference; lastKnownFileType = sourcecode.swift; path = CharacterCollectionViewCell.swift; sourceTree = "<group>"; };
		DC1D32182A8FB7A1001E4A5C /* CharacterManager.swift */ = {isa = PBXFileReference; lastKnownFileType = sourcecode.swift; path = CharacterManager.swift; sourceTree = "<group>"; };
		DC1D321C2A8FBE64001E4A5C /* CharacterResponse.swift */ = {isa = PBXFileReference; lastKnownFileType = sourcecode.swift; path = CharacterResponse.swift; sourceTree = "<group>"; };
/* End PBXFileReference section */

/* Begin PBXFrameworksBuildPhase section */
		DC1D31F82A8E6290001E4A5C /* Frameworks */ = {
			isa = PBXFrameworksBuildPhase;
			buildActionMask = 2147483647;
			files = (
			);
			runOnlyForDeploymentPostprocessing = 0;
		};
/* End PBXFrameworksBuildPhase section */

/* Begin PBXGroup section */
		C3B28BF02A93C127001252DA /* Models */ = {
			isa = PBXGroup;
			children = (
				C3B28BF12A93C1B1001252DA /* Episode.swift */,
			);
			path = Models;
			sourceTree = "<group>";
		};
		C3B299AC2A9132D6001252DA /* Extensions */ = {
			isa = PBXGroup;
			children = (
				C3B299AD2A9132E3001252DA /* UIView+Ext.swift */,
				C3B28BEE2A93BEE8001252DA /* Color+Ext.swift */,
			);
			path = Extensions;
			sourceTree = "<group>";
		};
		C3B299AF2A9132ED001252DA /* Cells */ = {
			isa = PBXGroup;
			children = (
				DC1D32162A8E7088001E4A5C /* CharacterCollectionViewCell.swift */,
			);
			path = Cells;
			sourceTree = "<group>";
		};
		C3B299B02A913407001252DA /* Controllers */ = {
			isa = PBXGroup;
			children = (
				C3B299B12A913422001252DA /* CharacterDetailsViewController.swift */,
				C3B299B32A913457001252DA /* CharacterDetailsView.swift */,
				C3B28BF32A93C1FC001252DA /* CharacterDetailsViewModel.swift */,
			);
			path = Controllers;
			sourceTree = "<group>";
		};
		DC1D31F22A8E6290001E4A5C = {
			isa = PBXGroup;
			children = (
				DC1D31FD2A8E6290001E4A5C /* 1221Systems */,
				DC1D31FC2A8E6290001E4A5C /* Products */,
			);
			sourceTree = "<group>";
		};
		DC1D31FC2A8E6290001E4A5C /* Products */ = {
			isa = PBXGroup;
			children = (
				DC1D31FB2A8E6290001E4A5C /* 1221Systems.app */,
			);
			name = Products;
			sourceTree = "<group>";
		};
		DC1D31FD2A8E6290001E4A5C /* 1221Systems */ = {
			isa = PBXGroup;
			children = (
				C3B28BF02A93C127001252DA /* Models */,
				C3B299B02A913407001252DA /* Controllers */,
				C3B299AF2A9132ED001252DA /* Cells */,
				C3B299AC2A9132D6001252DA /* Extensions */,
				DC1D31FE2A8E6290001E4A5C /* AppDelegate.swift */,
				DC1D32002A8E6290001E4A5C /* SceneDelegate.swift */,
				DC1D32042A8E6290001E4A5C /* Main.storyboard */,
				DC1D32072A8E6291001E4A5C /* Assets.xcassets */,
				DC1D32092A8E6291001E4A5C /* LaunchScreen.storyboard */,
				DC1D320C2A8E6291001E4A5C /* Info.plist */,
				DC1D32142A8E6C9F001E4A5C /* CharacterCollectionViewController.swift */,
				DC1D32182A8FB7A1001E4A5C /* CharacterManager.swift */,
				DC1D321C2A8FBE64001E4A5C /* CharacterResponse.swift */,
			);
			path = 1221Systems;
			sourceTree = "<group>";
		};
/* End PBXGroup section */

/* Begin PBXNativeTarget section */
		DC1D31FA2A8E6290001E4A5C /* 1221Systems */ = {
			isa = PBXNativeTarget;
			buildConfigurationList = DC1D320F2A8E6291001E4A5C /* Build configuration list for PBXNativeTarget "1221Systems" */;
			buildPhases = (
				DC1D31F72A8E6290001E4A5C /* Sources */,
				DC1D31F82A8E6290001E4A5C /* Frameworks */,
				DC1D31F92A8E6290001E4A5C /* Resources */,
			);
			buildRules = (
			);
			dependencies = (
			);
			name = 1221Systems;
			productName = 1221Systems;
			productReference = DC1D31FB2A8E6290001E4A5C /* 1221Systems.app */;
			productType = "com.apple.product-type.application";
		};
/* End PBXNativeTarget section */

/* Begin PBXProject section */
		DC1D31F32A8E6290001E4A5C /* Project object */ = {
			isa = PBXProject;
			attributes = {
				BuildIndependentTargetsInParallel = 1;
				LastSwiftUpdateCheck = 1430;
				LastUpgradeCheck = 1430;
				TargetAttributes = {
					DC1D31FA2A8E6290001E4A5C = {
						CreatedOnToolsVersion = 14.3;
					};
				};
			};
			buildConfigurationList = DC1D31F62A8E6290001E4A5C /* Build configuration list for PBXProject "1221Systems" */;
			compatibilityVersion = "Xcode 14.0";
			developmentRegion = en;
			hasScannedForEncodings = 0;
			knownRegions = (
				en,
				Base,
			);
			mainGroup = DC1D31F22A8E6290001E4A5C;
			productRefGroup = DC1D31FC2A8E6290001E4A5C /* Products */;
			projectDirPath = "";
			projectRoot = "";
			targets = (
				DC1D31FA2A8E6290001E4A5C /* 1221Systems */,
			);
		};
/* End PBXProject section */

/* Begin PBXResourcesBuildPhase section */
		DC1D31F92A8E6290001E4A5C /* Resources */ = {
			isa = PBXResourcesBuildPhase;
			buildActionMask = 2147483647;
			files = (
				DC1D320B2A8E6291001E4A5C /* LaunchScreen.storyboard in Resources */,
				DC1D32082A8E6291001E4A5C /* Assets.xcassets in Resources */,
				DC1D32062A8E6290001E4A5C /* Main.storyboard in Resources */,
			);
			runOnlyForDeploymentPostprocessing = 0;
		};
/* End PBXResourcesBuildPhase section */

/* Begin PBXSourcesBuildPhase section */
		DC1D31F72A8E6290001E4A5C /* Sources */ = {
			isa = PBXSourcesBuildPhase;
			buildActionMask = 2147483647;
			files = (
				C3B299AE2A9132E3001252DA /* UIView+Ext.swift in Sources */,
				DC1D321D2A8FBE64001E4A5C /* CharacterResponse.swift in Sources */,
				DC1D32192A8FB7A1001E4A5C /* CharacterManager.swift in Sources */,
				C3B299B42A913457001252DA /* CharacterDetailsView.swift in Sources */,
				DC1D32172A8E7088001E4A5C /* CharacterCollectionViewCell.swift in Sources */,
				C3B28BF42A93C1FC001252DA /* CharacterDetailsViewModel.swift in Sources */,
				DC1D31FF2A8E6290001E4A5C /* AppDelegate.swift in Sources */,
				DC1D32152A8E6C9F001E4A5C /* CharacterCollectionViewController.swift in Sources */,
				C3B28BF22A93C1B1001252DA /* Episode.swift in Sources */,
				DC1D32012A8E6290001E4A5C /* SceneDelegate.swift in Sources */,
				C3B299B22A913422001252DA /* CharacterDetailsViewController.swift in Sources */,
				C3B28BEF2A93BEE8001252DA /* Color+Ext.swift in Sources */,
			);
			runOnlyForDeploymentPostprocessing = 0;
		};
/* End PBXSourcesBuildPhase section */

/* Begin PBXVariantGroup section */
		DC1D32042A8E6290001E4A5C /* Main.storyboard */ = {
			isa = PBXVariantGroup;
			children = (
				DC1D32052A8E6290001E4A5C /* Base */,
			);
			name = Main.storyboard;
			sourceTree = "<group>";
		};
		DC1D32092A8E6291001E4A5C /* LaunchScreen.storyboard */ = {
			isa = PBXVariantGroup;
			children = (
				DC1D320A2A8E6291001E4A5C /* Base */,
			);
			name = LaunchScreen.storyboard;
			sourceTree = "<group>";
		};
/* End PBXVariantGroup section */

/* Begin XCBuildConfiguration section */
		DC1D320D2A8E6291001E4A5C /* Debug */ = {
			isa = XCBuildConfiguration;
			buildSettings = {
				ALWAYS_SEARCH_USER_PATHS = NO;
				CLANG_ANALYZER_NONNULL = YES;
				CLANG_ANALYZER_NUMBER_OBJECT_CONVERSION = YES_AGGRESSIVE;
				CLANG_CXX_LANGUAGE_STANDARD = "gnu++20";
				CLANG_ENABLE_MODULES = YES;
				CLANG_ENABLE_OBJC_ARC = YES;
				CLANG_ENABLE_OBJC_WEAK = YES;
				CLANG_WARN_BLOCK_CAPTURE_AUTORELEASING = YES;
				CLANG_WARN_BOOL_CONVERSION = YES;
				CLANG_WARN_COMMA = YES;
				CLANG_WARN_CONSTANT_CONVERSION = YES;
				CLANG_WARN_DEPRECATED_OBJC_IMPLEMENTATIONS = YES;
				CLANG_WARN_DIRECT_OBJC_ISA_USAGE = YES_ERROR;
				CLANG_WARN_DOCUMENTATION_COMMENTS = YES;
				CLANG_WARN_EMPTY_BODY = YES;
				CLANG_WARN_ENUM_CONVERSION = YES;
				CLANG_WARN_INFINITE_RECURSION = YES;
				CLANG_WARN_INT_CONVERSION = YES;
				CLANG_WARN_NON_LITERAL_NULL_CONVERSION = YES;
				CLANG_WARN_OBJC_IMPLICIT_RETAIN_SELF = YES;
				CLANG_WARN_OBJC_LITERAL_CONVERSION = YES;
				CLANG_WARN_OBJC_ROOT_CLASS = YES_ERROR;
				CLANG_WARN_QUOTED_INCLUDE_IN_FRAMEWORK_HEADER = YES;
				CLANG_WARN_RANGE_LOOP_ANALYSIS = YES;
				CLANG_WARN_STRICT_PROTOTYPES = YES;
				CLANG_WARN_SUSPICIOUS_MOVE = YES;
				CLANG_WARN_UNGUARDED_AVAILABILITY = YES_AGGRESSIVE;
				CLANG_WARN_UNREACHABLE_CODE = YES;
				CLANG_WARN__DUPLICATE_METHOD_MATCH = YES;
				COPY_PHASE_STRIP = NO;
				DEBUG_INFORMATION_FORMAT = dwarf;
				ENABLE_STRICT_OBJC_MSGSEND = YES;
				ENABLE_TESTABILITY = YES;
				GCC_C_LANGUAGE_STANDARD = gnu11;
				GCC_DYNAMIC_NO_PIC = NO;
				GCC_NO_COMMON_BLOCKS = YES;
				GCC_OPTIMIZATION_LEVEL = 0;
				GCC_PREPROCESSOR_DEFINITIONS = (
					"DEBUG=1",
					"$(inherited)",
				);
				GCC_WARN_64_TO_32_BIT_CONVERSION = YES;
				GCC_WARN_ABOUT_RETURN_TYPE = YES_ERROR;
				GCC_WARN_UNDECLARED_SELECTOR = YES;
				GCC_WARN_UNINITIALIZED_AUTOS = YES_AGGRESSIVE;
				GCC_WARN_UNUSED_FUNCTION = YES;
				GCC_WARN_UNUSED_VARIABLE = YES;
				IPHONEOS_DEPLOYMENT_TARGET = 16.4;
				MTL_ENABLE_DEBUG_INFO = INCLUDE_SOURCE;
				MTL_FAST_MATH = YES;
				ONLY_ACTIVE_ARCH = YES;
				SDKROOT = iphoneos;
				SWIFT_ACTIVE_COMPILATION_CONDITIONS = DEBUG;
				SWIFT_OPTIMIZATION_LEVEL = "-Onone";
			};
			name = Debug;
		};
		DC1D320E2A8E6291001E4A5C /* Release */ = {
			isa = XCBuildConfiguration;
			buildSettings = {
				ALWAYS_SEARCH_USER_PATHS = NO;
				CLANG_ANALYZER_NONNULL = YES;
				CLANG_ANALYZER_NUMBER_OBJECT_CONVERSION = YES_AGGRESSIVE;
				CLANG_CXX_LANGUAGE_STANDARD = "gnu++20";
				CLANG_ENABLE_MODULES = YES;
				CLANG_ENABLE_OBJC_ARC = YES;
				CLANG_ENABLE_OBJC_WEAK = YES;
				CLANG_WARN_BLOCK_CAPTURE_AUTORELEASING = YES;
				CLANG_WARN_BOOL_CONVERSION = YES;
				CLANG_WARN_COMMA = YES;
				CLANG_WARN_CONSTANT_CONVERSION = YES;
				CLANG_WARN_DEPRECATED_OBJC_IMPLEMENTATIONS = YES;
				CLANG_WARN_DIRECT_OBJC_ISA_USAGE = YES_ERROR;
				CLANG_WARN_DOCUMENTATION_COMMENTS = YES;
				CLANG_WARN_EMPTY_BODY = YES;
				CLANG_WARN_ENUM_CONVERSION = YES;
				CLANG_WARN_INFINITE_RECURSION = YES;
				CLANG_WARN_INT_CONVERSION = YES;
				CLANG_WARN_NON_LITERAL_NULL_CONVERSION = YES;
				CLANG_WARN_OBJC_IMPLICIT_RETAIN_SELF = YES;
				CLANG_WARN_OBJC_LITERAL_CONVERSION = YES;
				CLANG_WARN_OBJC_ROOT_CLASS = YES_ERROR;
				CLANG_WARN_QUOTED_INCLUDE_IN_FRAMEWORK_HEADER = YES;
				CLANG_WARN_RANGE_LOOP_ANALYSIS = YES;
				CLANG_WARN_STRICT_PROTOTYPES = YES;
				CLANG_WARN_SUSPICIOUS_MOVE = YES;
				CLANG_WARN_UNGUARDED_AVAILABILITY = YES_AGGRESSIVE;
				CLANG_WARN_UNREACHABLE_CODE = YES;
				CLANG_WARN__DUPLICATE_METHOD_MATCH = YES;
				COPY_PHASE_STRIP = NO;
				DEBUG_INFORMATION_FORMAT = "dwarf-with-dsym";
				ENABLE_NS_ASSERTIONS = NO;
				ENABLE_STRICT_OBJC_MSGSEND = YES;
				GCC_C_LANGUAGE_STANDARD = gnu11;
				GCC_NO_COMMON_BLOCKS = YES;
				GCC_WARN_64_TO_32_BIT_CONVERSION = YES;
				GCC_WARN_ABOUT_RETURN_TYPE = YES_ERROR;
				GCC_WARN_UNDECLARED_SELECTOR = YES;
				GCC_WARN_UNINITIALIZED_AUTOS = YES_AGGRESSIVE;
				GCC_WARN_UNUSED_FUNCTION = YES;
				GCC_WARN_UNUSED_VARIABLE = YES;
				IPHONEOS_DEPLOYMENT_TARGET = 16.4;
				MTL_ENABLE_DEBUG_INFO = NO;
				MTL_FAST_MATH = YES;
				SDKROOT = iphoneos;
				SWIFT_COMPILATION_MODE = wholemodule;
				SWIFT_OPTIMIZATION_LEVEL = "-O";
				VALIDATE_PRODUCT = YES;
			};
			name = Release;
		};
		DC1D32102A8E6291001E4A5C /* Debug */ = {
			isa = XCBuildConfiguration;
			buildSettings = {
				ASSETCATALOG_COMPILER_APPICON_NAME = AppIcon;
				ASSETCATALOG_COMPILER_GLOBAL_ACCENT_COLOR_NAME = AccentColor;
				CODE_SIGN_STYLE = Automatic;
				CURRENT_PROJECT_VERSION = 1;
				GENERATE_INFOPLIST_FILE = YES;
				INFOPLIST_FILE = 1221Systems/Info.plist;
				INFOPLIST_KEY_UIApplicationSupportsIndirectInputEvents = YES;
				INFOPLIST_KEY_UILaunchStoryboardName = LaunchScreen;
				INFOPLIST_KEY_UIMainStoryboardFile = Main;
				INFOPLIST_KEY_UISupportedInterfaceOrientations_iPad = "UIInterfaceOrientationPortrait UIInterfaceOrientationPortraitUpsideDown UIInterfaceOrientationLandscapeLeft UIInterfaceOrientationLandscapeRight";
				INFOPLIST_KEY_UISupportedInterfaceOrientations_iPhone = "UIInterfaceOrientationPortrait UIInterfaceOrientationLandscapeLeft UIInterfaceOrientationLandscapeRight";
				IPHONEOS_DEPLOYMENT_TARGET = 16.0;
				LD_RUNPATH_SEARCH_PATHS = (
					"$(inherited)",
					"@executable_path/Frameworks",
				);
				MARKETING_VERSION = 1.0;
				PRODUCT_BUNDLE_IDENTIFIER = "com.nurgali.nuraly.-221Systems";
				PRODUCT_NAME = "$(TARGET_NAME)";
				SWIFT_EMIT_LOC_STRINGS = YES;
				SWIFT_VERSION = 5.0;
				TARGETED_DEVICE_FAMILY = "1,2";
			};
			name = Debug;
		};
		DC1D32112A8E6291001E4A5C /* Release */ = {
			isa = XCBuildConfiguration;
			buildSettings = {
				ASSETCATALOG_COMPILER_APPICON_NAME = AppIcon;
				ASSETCATALOG_COMPILER_GLOBAL_ACCENT_COLOR_NAME = AccentColor;
				CODE_SIGN_STYLE = Automatic;
				CURRENT_PROJECT_VERSION = 1;
				GENERATE_INFOPLIST_FILE = YES;
				INFOPLIST_FILE = 1221Systems/Info.plist;
				INFOPLIST_KEY_UIApplicationSupportsIndirectInputEvents = YES;
				INFOPLIST_KEY_UILaunchStoryboardName = LaunchScreen;
				INFOPLIST_KEY_UIMainStoryboardFile = Main;
				INFOPLIST_KEY_UISupportedInterfaceOrientations_iPad = "UIInterfaceOrientationPortrait UIInterfaceOrientationPortraitUpsideDown UIInterfaceOrientationLandscapeLeft UIInterfaceOrientationLandscapeRight";
				INFOPLIST_KEY_UISupportedInterfaceOrientations_iPhone = "UIInterfaceOrientationPortrait UIInterfaceOrientationLandscapeLeft UIInterfaceOrientationLandscapeRight";
				IPHONEOS_DEPLOYMENT_TARGET = 16.0;
				LD_RUNPATH_SEARCH_PATHS = (
					"$(inherited)",
					"@executable_path/Frameworks",
				);
				MARKETING_VERSION = 1.0;
				PRODUCT_BUNDLE_IDENTIFIER = "com.nurgali.nuraly.-221Systems";
				PRODUCT_NAME = "$(TARGET_NAME)";
				SWIFT_EMIT_LOC_STRINGS = YES;
				SWIFT_VERSION = 5.0;
				TARGETED_DEVICE_FAMILY = "1,2";
			};
			name = Release;
		};
/* End XCBuildConfiguration section */

/* Begin XCConfigurationList section */
		DC1D31F62A8E6290001E4A5C /* Build configuration list for PBXProject "1221Systems" */ = {
			isa = XCConfigurationList;
			buildConfigurations = (
				DC1D320D2A8E6291001E4A5C /* Debug */,
				DC1D320E2A8E6291001E4A5C /* Release */,
			);
			defaultConfigurationIsVisible = 0;
			defaultConfigurationName = Release;
		};
		DC1D320F2A8E6291001E4A5C /* Build configuration list for PBXNativeTarget "1221Systems" */ = {
			isa = XCConfigurationList;
			buildConfigurations = (
				DC1D32102A8E6291001E4A5C /* Debug */,
				DC1D32112A8E6291001E4A5C /* Release */,
			);
			defaultConfigurationIsVisible = 0;
			defaultConfigurationName = Release;
		};
/* End XCConfigurationList section */
	};
	rootObject = DC1D31F32A8E6290001E4A5C /* Project object */;
}
